
Microsoft Visual Studio Solution File, Format Version 12.00
# Visual Studio Version 17
VisualStudioVersion = 17.3.32929.385
MinimumVisualStudioVersion = 10.0.40219.1
Project("{FAE04EC0-301F-11D3-BF4B-00C04F79EFBC}") = "AiLaTrieuPhu", "AiLaTrieuPhu.csproj", "{D47866A6-E216-4386-9CF8-53124516E6E6}"
EndProject
Global
	GlobalSection(SolutionConfigurationPlatforms) = preSolution
		Debug|Any CPU = Debug|Any CPU
		Release|Any CPU = Release|Any CPU
	EndGlobalSection
	GlobalSection(ProjectConfigurationPlatforms) = postSolution
		{D47866A6-E216-4386-9CF8-53124516E6E6}.Debug|Any CPU.ActiveCfg = Debug|Any CPU
		{D47866A6-E216-4386-9CF8-53124516E6E6}.Debug|Any CPU.Build.0 = Debug|Any CPU
		{D47866A6-E216-4386-9CF8-53124516E6E6}.Release|Any CPU.ActiveCfg = Release|Any CPU
		{D47866A6-E216-4386-9CF8-53124516E6E6}.Release|Any CPU.Build.0 = Release|Any CPU
	EndGlobalSection
	GlobalSection(SolutionProperties) = preSolution
		HideSolutionNode = FALSE
	EndGlobalSection
	GlobalSection(ExtensibilityGlobals) = postSolution
		SolutionGuid = {5C1B9E06-CB42-4259-BFD7-AD9DB0B0887E}
	EndGlobalSection
EndGlobal
